
Microsoft Visual Studio Solution File, Format Version 12.00
# Visual Studio Version 16
VisualStudioVersion = 16.0.30011.22
MinimumVisualStudioVersion = 10.0.40219.1
Project("{FAE04EC0-301F-11D3-BF4B-00C04F79EFBC}") = "SourceGit", "SourceGit\SourceGit.csproj", "{0A04DD59-7A6C-410C-B427-7DC8183993BD}"
EndProject
Global
	GlobalSection(SolutionConfigurationPlatforms) = preSolution
		Debug|Any CPU = Debug|Any CPU
		Release|Any CPU = Release|Any CPU
	EndGlobalSection
	GlobalSection(ProjectConfigurationPlatforms) = postSolution
		{0A04DD59-7A6C-410C-B427-7DC8183993BD}.Debug|Any CPU.ActiveCfg = Debug|Any CPU
		{0A04DD59-7A6C-410C-B427-7DC8183993BD}.Debug|Any CPU.Build.0 = Debug|Any CPU
		{0A04DD59-7A6C-410C-B427-7DC8183993BD}.Release|Any CPU.ActiveCfg = Release|Any CPU
		{0A04DD59-7A6C-410C-B427-7DC8183993BD}.Release|Any CPU.Build.0 = Release|Any CPU
	EndGlobalSection
	GlobalSection(SolutionProperties) = preSolution
		HideSolutionNode = FALSE
	EndGlobalSection
	GlobalSection(ExtensibilityGlobals) = postSolution
		SolutionGuid = {01F4EC04-5B3C-4D74-BB48-1C251B2D2853}
	EndGlobalSection
EndGlobal
