
Microsoft Visual Studio Solution File, Format Version 12.00
# Visual Studio Version 17
VisualStudioVersion = 17.0.31903.59
MinimumVisualStudioVersion = 10.0.40219.1
Project("{2150E333-8FDC-42A3-9474-1A3956D46DE8}") = "src", "src", "{827E0CD3-B72D-47B6-A68D-7590B98EB39B}"
EndProject
Project("{FAE04EC0-301F-11D3-BF4B-00C04F79EFBC}") = "SourceGit", "src\SourceGit.csproj", "{F9C951AD-F39E-4627-8F02-6F553EADB103}"
EndProject
Project("{2150E333-8FDC-42A3-9474-1A3956D46DE8}") = "tests", "tests", "{0AB3BF05-4346-4AA6-1389-037BE0695223}"
EndProject
Project("{FAE04EC0-301F-11D3-BF4B-00C04F79EFBC}") = "SourceGit.Tests", "tests\SourceGit.Tests\SourceGit.Tests.csproj", "{130DE06F-BFEB-4533-9A99-DC2F206A7770}"
EndProject
Global
	GlobalSection(SolutionConfigurationPlatforms) = preSolution
		Debug|Any CPU = Debug|Any CPU
		Debug|x64 = Debug|x64
		Debug|x86 = Debug|x86
		Release|Any CPU = Release|Any CPU
		Release|x64 = Release|x64
		Release|x86 = Release|x86
	EndGlobalSection
	GlobalSection(ProjectConfigurationPlatforms) = postSolution
		{F9C951AD-F39E-4627-8F02-6F553EADB103}.Debug|Any CPU.ActiveCfg = Debug|Any CPU
		{F9C951AD-F39E-4627-8F02-6F553EADB103}.Debug|Any CPU.Build.0 = Debug|Any CPU
		{F9C951AD-F39E-4627-8F02-6F553EADB103}.Debug|x64.ActiveCfg = Debug|Any CPU
		{F9C951AD-F39E-4627-8F02-6F553EADB103}.Debug|x64.Build.0 = Debug|Any CPU
		{F9C951AD-F39E-4627-8F02-6F553EADB103}.Debug|x86.ActiveCfg = Debug|Any CPU
		{F9C951AD-F39E-4627-8F02-6F553EADB103}.Debug|x86.Build.0 = Debug|Any CPU
		{F9C951AD-F39E-4627-8F02-6F553EADB103}.Release|Any CPU.ActiveCfg = Release|Any CPU
		{F9C951AD-F39E-4627-8F02-6F553EADB103}.Release|Any CPU.Build.0 = Release|Any CPU
		{F9C951AD-F39E-4627-8F02-6F553EADB103}.Release|x64.ActiveCfg = Release|Any CPU
		{F9C951AD-F39E-4627-8F02-6F553EADB103}.Release|x64.Build.0 = Release|Any CPU
		{F9C951AD-F39E-4627-8F02-6F553EADB103}.Release|x86.ActiveCfg = Release|Any CPU
		{F9C951AD-F39E-4627-8F02-6F553EADB103}.Release|x86.Build.0 = Release|Any CPU
		{130DE06F-BFEB-4533-9A99-DC2F206A7770}.Debug|Any CPU.ActiveCfg = Debug|Any CPU
		{130DE06F-BFEB-4533-9A99-DC2F206A7770}.Debug|Any CPU.Build.0 = Debug|Any CPU
		{130DE06F-BFEB-4533-9A99-DC2F206A7770}.Debug|x64.ActiveCfg = Debug|Any CPU
		{130DE06F-BFEB-4533-9A99-DC2F206A7770}.Debug|x64.Build.0 = Debug|Any CPU
		{130DE06F-BFEB-4533-9A99-DC2F206A7770}.Debug|x86.ActiveCfg = Debug|Any CPU
		{130DE06F-BFEB-4533-9A99-DC2F206A7770}.Debug|x86.Build.0 = Debug|Any CPU
		{130DE06F-BFEB-4533-9A99-DC2F206A7770}.Release|Any CPU.ActiveCfg = Release|Any CPU
		{130DE06F-BFEB-4533-9A99-DC2F206A7770}.Release|Any CPU.Build.0 = Release|Any CPU
		{130DE06F-BFEB-4533-9A99-DC2F206A7770}.Release|x64.ActiveCfg = Release|Any CPU
		{130DE06F-BFEB-4533-9A99-DC2F206A7770}.Release|x64.Build.0 = Release|Any CPU
		{130DE06F-BFEB-4533-9A99-DC2F206A7770}.Release|x86.ActiveCfg = Release|Any CPU
		{130DE06F-BFEB-4533-9A99-DC2F206A7770}.Release|x86.Build.0 = Release|Any CPU
	EndGlobalSection
	GlobalSection(SolutionProperties) = preSolution
		HideSolutionNode = FALSE
	EndGlobalSection
	GlobalSection(NestedProjects) = preSolution
		{F9C951AD-F39E-4627-8F02-6F553EADB103} = {827E0CD3-B72D-47B6-A68D-7590B98EB39B}
		{130DE06F-BFEB-4533-9A99-DC2F206A7770} = {0AB3BF05-4346-4AA6-1389-037BE0695223}
	EndGlobalSection
EndGlobal
